# THIS IS AN AUTOGENERATED FILE. DO NOT EDIT THIS FILE DIRECTLY.
# yarn lockfile v1


"@types/node@*":
  version "8.0.51"
  resolved "https://tourismholdinglimited.artifactoryonline.com/tourismholdinglimited/api/npm/npm-virtual/@types/node/-/node-8.0.51.tgz#b31d716fb8d58eeb95c068a039b9b6292817d5fb"

"@types/react-dom@^16.0.3":
  version "16.0.3"
  resolved "https://tourismholdinglimited.artifactoryonline.com/tourismholdinglimited/api/npm/npm-virtual/@types/react-dom/-/react-dom-16.0.3.tgz#8accad7eabdab4cca3e1a56f5ccb57de2da0ff64"
  dependencies:
    "@types/node" "*"
    "@types/react" "*"

"@types/react@*", "@types/react@^16.0.22":
  version "16.0.22"
  resolved "https://tourismholdinglimited.artifactoryonline.com/tourismholdinglimited/api/npm/npm-virtual/@types/react/-/react-16.0.22.tgz#19ad106e124aceebd2b4d430a278d55413ee8759"
